
Microsoft Visual Studio Solution File, Format Version 12.00
# Visual Studio Version 16
VisualStudioVersion = 16.0.31424.327
MinimumVisualStudioVersion = 10.0.40219.1
Project("{FAE04EC0-301F-11D3-BF4B-00C04F79EFBC}") = "CapaVista", "CapaVista\CapaVista.csproj", "{589502C3-B438-435F-A390-B8D2D1FB251F}"
EndProject
Project("{FAE04EC0-301F-11D3-BF4B-00C04F79EFBC}") = "CapaControlador", "CapaControlador\CapaControlador.csproj", "{44BA587E-7F53-4B17-9208-AA2EC409DC2E}"
EndProject
Project("{FAE04EC0-301F-11D3-BF4B-00C04F79EFBC}") = "CapaModelo", "CapaModelo\CapaModelo.csproj", "{8E693D93-4325-424A-8F16-2069E91C0843}"
EndProject
Global
	GlobalSection(SolutionConfigurationPlatforms) = preSolution
		Debug|Any CPU = Debug|Any CPU
		Release|Any CPU = Release|Any CPU
	EndGlobalSection
	GlobalSection(ProjectConfigurationPlatforms) = postSolution
		{589502C3-B438-435F-A390-B8D2D1FB251F}.Debug|Any CPU.ActiveCfg = Debug|Any CPU
		{589502C3-B438-435F-A390-B8D2D1FB251F}.Debug|Any CPU.Build.0 = Debug|Any CPU
		{589502C3-B438-435F-A390-B8D2D1FB251F}.Release|Any CPU.ActiveCfg = Release|Any CPU
		{589502C3-B438-435F-A390-B8D2D1FB251F}.Release|Any CPU.Build.0 = Release|Any CPU
		{44BA587E-7F53-4B17-9208-AA2EC409DC2E}.Debug|Any CPU.ActiveCfg = Debug|Any CPU
		{44BA587E-7F53-4B17-9208-AA2EC409DC2E}.Debug|Any CPU.Build.0 = Debug|Any CPU
		{44BA587E-7F53-4B17-9208-AA2EC409DC2E}.Release|Any CPU.ActiveCfg = Release|Any CPU
		{44BA587E-7F53-4B17-9208-AA2EC409DC2E}.Release|Any CPU.Build.0 = Release|Any CPU
		{8E693D93-4325-424A-8F16-2069E91C0843}.Debug|Any CPU.ActiveCfg = Debug|Any CPU
		{8E693D93-4325-424A-8F16-2069E91C0843}.Debug|Any CPU.Build.0 = Debug|Any CPU
		{8E693D93-4325-424A-8F16-2069E91C0843}.Release|Any CPU.ActiveCfg = Release|Any CPU
		{8E693D93-4325-424A-8F16-2069E91C0843}.Release|Any CPU.Build.0 = Release|Any CPU
	EndGlobalSection
	GlobalSection(SolutionProperties) = preSolution
		HideSolutionNode = FALSE
	EndGlobalSection
	GlobalSection(ExtensibilityGlobals) = postSolution
		SolutionGuid = {27E21842-A888-4E53-9E16-630756E455AE}
	EndGlobalSection
EndGlobal
